// !$*UTF8*$!
{
	archiveVersion = 1;
	classes = {
	};
	objectVersion = 48;
	objects = {

/* Begin PBXBuildFile section */
		78B39882205BE04C005D2021 /* AppDelegate.swift in Sources */ = {isa = PBXBuildFile; fileRef = 78B39881205BE04C005D2021 /* AppDelegate.swift */; };
		78B39884205BE04C005D2021 /* ViewController.swift in Sources */ = {isa = PBXBuildFile; fileRef = 78B39883205BE04C005D2021 /* ViewController.swift */; };
		78B39887205BE04C005D2021 /* Main.storyboard in Resources */ = {isa = PBXBuildFile; fileRef = 78B39885205BE04C005D2021 /* Main.storyboard */; };
		78B39889205BE04C005D2021 /* Assets.xcassets in Resources */ = {isa = PBXBuildFile; fileRef = 78B39888205BE04C005D2021 /* Assets.xcassets */; };
		78B3988C205BE04D005D2021 /* LaunchScreen.storyboard in Resources */ = {isa = PBXBuildFile; fileRef = 78B3988A205BE04D005D2021 /* LaunchScreen.storyboard */; };
		78E76FD1205FDB59007ADF14 /* SampleVCTeamB.swift in Sources */ = {isa = PBXBuildFile; fileRef = 78E76FD0205FDB59007ADF14 /* SampleVCTeamB.swift */; };
		78E76FD7205FE592007ADF14 /* SampleVCTeamC.swift in Sources */ = {isa = PBXBuildFile; fileRef = 78E76FD6205FE592007ADF14 /* SampleVCTeamC.swift */; };
		78E76FDA205FE6C8007ADF14 /* SampleVCTeamE.swift in Sources */ = {isa = PBXBuildFile; fileRef = 78E76FD9205FE6C8007ADF14 /* SampleVCTeamE.swift */; };
/* End PBXBuildFile section */

/* Begin PBXFileReference section */
		78B3987E205BE04C005D2021 /* ViewAnimationTest.app */ = {isa = PBXFileReference; explicitFileType = wrapper.application; includeInIndex = 0; path = ViewAnimationTest.app; sourceTree = BUILT_PRODUCTS_DIR; };
		78B39881205BE04C005D2021 /* AppDelegate.swift */ = {isa = PBXFileReference; lastKnownFileType = sourcecode.swift; path = AppDelegate.swift; sourceTree = "<group>"; };
		78B39883205BE04C005D2021 /* ViewController.swift */ = {isa = PBXFileReference; lastKnownFileType = sourcecode.swift; path = ViewController.swift; sourceTree = "<group>"; };
		78B39886205BE04C005D2021 /* Base */ = {isa = PBXFileReference; lastKnownFileType = file.storyboard; name = Base; path = Base.lproj/Main.storyboard; sourceTree = "<group>"; };
		78B39888205BE04C005D2021 /* Assets.xcassets */ = {isa = PBXFileReference; lastKnownFileType = folder.assetcatalog; path = Assets.xcassets; sourceTree = "<group>"; };
		78B3988B205BE04D005D2021 /* Base */ = {isa = PBXFileReference; lastKnownFileType = file.storyboard; name = Base; path = Base.lproj/LaunchScreen.storyboard; sourceTree = "<group>"; };
		78B3988D205BE04D005D2021 /* Info.plist */ = {isa = PBXFileReference; lastKnownFileType = text.plist.xml; path = Info.plist; sourceTree = "<group>"; };
		78E76FD0205FDB59007ADF14 /* SampleVCTeamB.swift */ = {isa = PBXFileReference; lastKnownFileType = sourcecode.swift; path = SampleVCTeamB.swift; sourceTree = "<group>"; };
		78E76FD6205FE592007ADF14 /* SampleVCTeamC.swift */ = {isa = PBXFileReference; lastKnownFileType = sourcecode.swift; path = SampleVCTeamC.swift; sourceTree = "<group>"; };
		78E76FD9205FE6C8007ADF14 /* SampleVCTeamE.swift */ = {isa = PBXFileReference; lastKnownFileType = sourcecode.swift; path = SampleVCTeamE.swift; sourceTree = "<group>"; };
/* End PBXFileReference section */

/* Begin PBXFrameworksBuildPhase section */
		78B3987B205BE04C005D2021 /* Frameworks */ = {
			isa = PBXFrameworksBuildPhase;
			buildActionMask = 2147483647;
			files = (
			);
			runOnlyForDeploymentPostprocessing = 0;
		};
/* End PBXFrameworksBuildPhase section */

/* Begin PBXGroup section */
		78B39875205BE04C005D2021 = {
			isa = PBXGroup;
			children = (
				78B39880205BE04C005D2021 /* ViewAnimationTest */,
				78B3987F205BE04C005D2021 /* Products */,
			);
			sourceTree = "<group>";
		};
		78B3987F205BE04C005D2021 /* Products */ = {
			isa = PBXGroup;
			children = (
				78B3987E205BE04C005D2021 /* ViewAnimationTest.app */,
			);
			name = Products;
			sourceTree = "<group>";
		};
		78B39880205BE04C005D2021 /* ViewAnimationTest */ = {
			isa = PBXGroup;
			children = (
				78E76FD8205FE6A8007ADF14 /* TeamEFiles */,
				78E76FD5205FE572007ADF14 /* TeamCFiles */,
				78E76FCF205FDB2B007ADF14 /* TeamBFiles */,
				78B39881205BE04C005D2021 /* AppDelegate.swift */,
				78B39883205BE04C005D2021 /* ViewController.swift */,
				78B39885205BE04C005D2021 /* Main.storyboard */,
				78B39888205BE04C005D2021 /* Assets.xcassets */,
				78B3988A205BE04D005D2021 /* LaunchScreen.storyboard */,
				78B3988D205BE04D005D2021 /* Info.plist */,
			);
			path = ViewAnimationTest;
			sourceTree = "<group>";
		};
		78E76FCF205FDB2B007ADF14 /* TeamBFiles */ = {
			isa = PBXGroup;
			children = (
				78E76FD0205FDB59007ADF14 /* SampleVCTeamB.swift */,
			);
			path = TeamBFiles;
			sourceTree = "<group>";
		};
		78E76FD5205FE572007ADF14 /* TeamCFiles */ = {
			isa = PBXGroup;
			children = (
				78E76FD6205FE592007ADF14 /* SampleVCTeamC.swift */,
			);
			path = TeamCFiles;
			sourceTree = "<group>";
		};
		78E76FD8205FE6A8007ADF14 /* TeamEFiles */ = {
			isa = PBXGroup;
			children = (
				78E76FD9205FE6C8007ADF14 /* SampleVCTeamE.swift */,
			);
			path = TeamEFiles;
			sourceTree = "<group>";
		};
/* End PBXGroup section */

/* Begin PBXNativeTarget section */
		78B3987D205BE04C005D2021 /* ViewAnimationTest */ = {
			isa = PBXNativeTarget;
			buildConfigurationList = 78B39890205BE04D005D2021 /* Build configuration list for PBXNativeTarget "ViewAnimationTest" */;
			buildPhases = (
				78B3987A205BE04C005D2021 /* Sources */,
				78B3987B205BE04C005D2021 /* Frameworks */,
				78B3987C205BE04C005D2021 /* Resources */,
			);
			buildRules = (
			);
			dependencies = (
			);
			name = ViewAnimationTest;
			productName = ViewAnimationTest;
			productReference = 78B3987E205BE04C005D2021 /* ViewAnimationTest.app */;
			productType = "com.apple.product-type.application";
		};
/* End PBXNativeTarget section */

/* Begin PBXProject section */
		78B39876205BE04C005D2021 /* Project object */ = {
			isa = PBXProject;
			attributes = {
				LastSwiftUpdateCheck = 0920;
				LastUpgradeCheck = 0920;
				ORGANIZATIONNAME = SunTelematics;
				TargetAttributes = {
					78B3987D205BE04C005D2021 = {
						CreatedOnToolsVersion = 9.2;
						ProvisioningStyle = Automatic;
					};
				};
			};
			buildConfigurationList = 78B39879205BE04C005D2021 /* Build configuration list for PBXProject "ViewAnimationTest" */;
			compatibilityVersion = "Xcode 8.0";
			developmentRegion = en;
			hasScannedForEncodings = 0;
			knownRegions = (
				en,
				Base,
			);
			mainGroup = 78B39875205BE04C005D2021;
			productRefGroup = 78B3987F205BE04C005D2021 /* Products */;
			projectDirPath = "";
			projectRoot = "";
			targets = (
				78B3987D205BE04C005D2021 /* ViewAnimationTest */,
			);
		};
/* End PBXProject section */

/* Begin PBXResourcesBuildPhase section */
		78B3987C205BE04C005D2021 /* Resources */ = {
			isa = PBXResourcesBuildPhase;
			buildActionMask = 2147483647;
			files = (
				78B3988C205BE04D005D2021 /* LaunchScreen.storyboard in Resources */,
				78B39889205BE04C005D2021 /* Assets.xcassets in Resources */,
				78B39887205BE04C005D2021 /* Main.storyboard in Resources */,
			);
			runOnlyForDeploymentPostprocessing = 0;
		};
/* End PBXResourcesBuildPhase section */

/* Begin PBXSourcesBuildPhase section */
		78B3987A205BE04C005D2021 /* Sources */ = {
			isa = PBXSourcesBuildPhase;
			buildActionMask = 2147483647;
			files = (
				78E76FDA205FE6C8007ADF14 /* SampleVCTeamE.swift in Sources */,
				78E76FD1205FDB59007ADF14 /* SampleVCTeamB.swift in Sources */,
				78B39884205BE04C005D2021 /* ViewController.swift in Sources */,
				78B39882205BE04C005D2021 /* AppDelegate.swift in Sources */,
				78E76FD7205FE592007ADF14 /* SampleVCTeamC.swift in Sources */,
			);
			runOnlyForDeploymentPostprocessing = 0;
		};
/* End PBXSourcesBuildPhase section */

/* Begin PBXVariantGroup section */
		78B39885205BE04C005D2021 /* Main.storyboard */ = {
			isa = PBXVariantGroup;
			children = (
				78B39886205BE04C005D2021 /* Base */,
			);
			name = Main.storyboard;
			sourceTree = "<group>";
		};
		78B3988A205BE04D005D2021 /* LaunchScreen.storyboard */ = {
			isa = PBXVariantGroup;
			children = (
				78B3988B205BE04D005D2021 /* Base */,
			);
			name = LaunchScreen.storyboard;
			sourceTree = "<group>";
		};
/* End PBXVariantGroup section */

/* Begin XCBuildConfiguration section */
		78B3988E205BE04D005D2021 /* Debug */ = {
			isa = XCBuildConfiguration;
			buildSettings = {
				ALWAYS_SEARCH_USER_PATHS = NO;
				CLANG_ANALYZER_NONNULL = YES;
				CLANG_ANALYZER_NUMBER_OBJECT_CONVERSION = YES_AGGRESSIVE;
				CLANG_CXX_LANGUAGE_STANDARD = "gnu++14";
				CLANG_CXX_LIBRARY = "libc++";
				CLANG_ENABLE_MODULES = YES;
				CLANG_ENABLE_OBJC_ARC = YES;
				CLANG_WARN_BLOCK_CAPTURE_AUTORELEASING = YES;
				CLANG_WARN_BOOL_CONVERSION = YES;
				CLANG_WARN_COMMA = YES;
				CLANG_WARN_CONSTANT_CONVERSION = YES;
				CLANG_WARN_DIRECT_OBJC_ISA_USAGE = YES_ERROR;
				CLANG_WARN_DOCUMENTATION_COMMENTS = YES;
				CLANG_WARN_EMPTY_BODY = YES;
				CLANG_WARN_ENUM_CONVERSION = YES;
				CLANG_WARN_INFINITE_RECURSION = YES;
				CLANG_WARN_INT_CONVERSION = YES;
				CLANG_WARN_NON_LITERAL_NULL_CONVERSION = YES;
				CLANG_WARN_OBJC_LITERAL_CONVERSION = YES;
				CLANG_WARN_OBJC_ROOT_CLASS = YES_ERROR;
				CLANG_WARN_RANGE_LOOP_ANALYSIS = YES;
				CLANG_WARN_STRICT_PROTOTYPES = YES;
				CLANG_WARN_SUSPICIOUS_MOVE = YES;
				CLANG_WARN_UNGUARDED_AVAILABILITY = YES_AGGRESSIVE;
				CLANG_WARN_UNREACHABLE_CODE = YES;
				CLANG_WARN__DUPLICATE_METHOD_MATCH = YES;
				CODE_SIGN_IDENTITY = "iPhone Developer";
				COPY_PHASE_STRIP = NO;
				DEBUG_INFORMATION_FORMAT = dwarf;
				ENABLE_STRICT_OBJC_MSGSEND = YES;
				ENABLE_TESTABILITY = YES;
				GCC_C_LANGUAGE_STANDARD = gnu11;
				GCC_DYNAMIC_NO_PIC = NO;
				GCC_NO_COMMON_BLOCKS = YES;
				GCC_OPTIMIZATION_LEVEL = 0;
				GCC_PREPROCESSOR_DEFINITIONS = (
					"DEBUG=1",
					"$(inherited)",
				);
				GCC_WARN_64_TO_32_BIT_CONVERSION = YES;
				GCC_WARN_ABOUT_RETURN_TYPE = YES_ERROR;
				GCC_WARN_UNDECLARED_SELECTOR = YES;
				GCC_WARN_UNINITIALIZED_AUTOS = YES_AGGRESSIVE;
				GCC_WARN_UNUSED_FUNCTION = YES;
				GCC_WARN_UNUSED_VARIABLE = YES;
				IPHONEOS_DEPLOYMENT_TARGET = 9.0;
				MTL_ENABLE_DEBUG_INFO = YES;
				ONLY_ACTIVE_ARCH = YES;
				SDKROOT = iphoneos;
				SWIFT_ACTIVE_COMPILATION_CONDITIONS = DEBUG;
				SWIFT_OPTIMIZATION_LEVEL = "-Onone";
			};
			name = Debug;
		};
		78B3988F205BE04D005D2021 /* Release */ = {
			isa = XCBuildConfiguration;
			buildSettings = {
				ALWAYS_SEARCH_USER_PATHS = NO;
				CLANG_ANALYZER_NONNULL = YES;
				CLANG_ANALYZER_NUMBER_OBJECT_CONVERSION = YES_AGGRESSIVE;
				CLANG_CXX_LANGUAGE_STANDARD = "gnu++14";
				CLANG_CXX_LIBRARY = "libc++";
				CLANG_ENABLE_MODULES = YES;
				CLANG_ENABLE_OBJC_ARC = YES;
				CLANG_WARN_BLOCK_CAPTURE_AUTORELEASING = YES;
				CLANG_WARN_BOOL_CONVERSION = YES;
				CLANG_WARN_COMMA = YES;
				CLANG_WARN_CONSTANT_CONVERSION = YES;
				CLANG_WARN_DIRECT_OBJC_ISA_USAGE = YES_ERROR;
				CLANG_WARN_DOCUMENTATION_COMMENTS = YES;
				CLANG_WARN_EMPTY_BODY = YES;
				CLANG_WARN_ENUM_CONVERSION = YES;
				CLANG_WARN_INFINITE_RECURSION = YES;
				CLANG_WARN_INT_CONVERSION = YES;
				CLANG_WARN_NON_LITERAL_NULL_CONVERSION = YES;
				CLANG_WARN_OBJC_LITERAL_CONVERSION = YES;
				CLANG_WARN_OBJC_ROOT_CLASS = YES_ERROR;
				CLANG_WARN_RANGE_LOOP_ANALYSIS = YES;
				CLANG_WARN_STRICT_PROTOTYPES = YES;
				CLANG_WARN_SUSPICIOUS_MOVE = YES;
				CLANG_WARN_UNGUARDED_AVAILABILITY = YES_AGGRESSIVE;
				CLANG_WARN_UNREACHABLE_CODE = YES;
				CLANG_WARN__DUPLICATE_METHOD_MATCH = YES;
				CODE_SIGN_IDENTITY = "iPhone Developer";
				COPY_PHASE_STRIP = NO;
				DEBUG_INFORMATION_FORMAT = "dwarf-with-dsym";
				ENABLE_NS_ASSERTIONS = NO;
				ENABLE_STRICT_OBJC_MSGSEND = YES;
				GCC_C_LANGUAGE_STANDARD = gnu11;
				GCC_NO_COMMON_BLOCKS = YES;
				GCC_WARN_64_TO_32_BIT_CONVERSION = YES;
				GCC_WARN_ABOUT_RETURN_TYPE = YES_ERROR;
				GCC_WARN_UNDECLARED_SELECTOR = YES;
				GCC_WARN_UNINITIALIZED_AUTOS = YES_AGGRESSIVE;
				GCC_WARN_UNUSED_FUNCTION = YES;
				GCC_WARN_UNUSED_VARIABLE = YES;
				IPHONEOS_DEPLOYMENT_TARGET = 9.0;
				MTL_ENABLE_DEBUG_INFO = NO;
				SDKROOT = iphoneos;
				SWIFT_OPTIMIZATION_LEVEL = "-Owholemodule";
				VALIDATE_PRODUCT = YES;
			};
			name = Release;
		};
		78B39891205BE04D005D2021 /* Debug */ = {
			isa = XCBuildConfiguration;
			buildSettings = {
				ASSETCATALOG_COMPILER_APPICON_NAME = AppIcon;
				CODE_SIGN_STYLE = Automatic;
				DEVELOPMENT_TEAM = 28T5MPGCB4;
				INFOPLIST_FILE = ViewAnimationTest/Info.plist;
				IPHONEOS_DEPLOYMENT_TARGET = 9.0;
				LD_RUNPATH_SEARCH_PATHS = "$(inherited) @executable_path/Frameworks";
				PRODUCT_BUNDLE_IDENTIFIER = com.Suntelematics.ViewAnimationTest;
				PRODUCT_NAME = "$(TARGET_NAME)";
				SWIFT_VERSION = 4.0;
				TARGETED_DEVICE_FAMILY = 1;
			};
			name = Debug;
		};
		78B39892205BE04D005D2021 /* Release */ = {
			isa = XCBuildConfiguration;
			buildSettings = {
				ASSETCATALOG_COMPILER_APPICON_NAME = AppIcon;
				CODE_SIGN_STYLE = Automatic;
				DEVELOPMENT_TEAM = 28T5MPGCB4;
				INFOPLIST_FILE = ViewAnimationTest/Info.plist;
				IPHONEOS_DEPLOYMENT_TARGET = 9.0;
				LD_RUNPATH_SEARCH_PATHS = "$(inherited) @executable_path/Frameworks";
				PRODUCT_BUNDLE_IDENTIFIER = com.Suntelematics.ViewAnimationTest;
				PRODUCT_NAME = "$(TARGET_NAME)";
				SWIFT_VERSION = 4.0;
				TARGETED_DEVICE_FAMILY = 1;
			};
			name = Release;
		};
/* End XCBuildConfiguration section */

/* Begin XCConfigurationList section */
		78B39879205BE04C005D2021 /* Build configuration list for PBXProject "ViewAnimationTest" */ = {
			isa = XCConfigurationList;
			buildConfigurations = (
				78B3988E205BE04D005D2021 /* Debug */,
				78B3988F205BE04D005D2021 /* Release */,
			);
			defaultConfigurationIsVisible = 0;
			defaultConfigurationName = Release;
		};
		78B39890205BE04D005D2021 /* Build configuration list for PBXNativeTarget "ViewAnimationTest" */ = {
			isa = XCConfigurationList;
			buildConfigurations = (
				78B39891205BE04D005D2021 /* Debug */,
				78B39892205BE04D005D2021 /* Release */,
			);
			defaultConfigurationIsVisible = 0;
			defaultConfigurationName = Release;
		};
/* End XCConfigurationList section */
	};
	rootObject = 78B39876205BE04C005D2021 /* Project object */;
}
